
Microsoft Visual Studio Solution File, Format Version 10.00
# Visual Studio 2008
Project("{8BC9CEB8-8B4A-11D0-8D11-00A0C91BC942}") = "HelloWorld", "HelloWorld\HelloWorld.vcproj", "{1F2A525E-BA0D-49E3-9415-7B0087ACD4F6}"
EndProject
Project("{8BC9CEB8-8B4A-11D0-8D11-00A0C91BC942}") = "VectorsAndTriangles", "VectorsAndTriangles\VectorsAndTriangles.vcproj", "{BDFDDC34-0AD7-45A8-BF37-D223A1BBB604}"
EndProject
Project("{8BC9CEB8-8B4A-11D0-8D11-00A0C91BC942}") = "Terrain", "Terrain\Terrain.vcproj", "{34482A37-1144-41AE-A914-FED8C33501E7}"
EndProject
Project("{8BC9CEB8-8B4A-11D0-8D11-00A0C91BC942}") = "TerrainRenderer", "TerrainRenderer\TerrainRenderer.vcproj", "{6CE44E92-CEC0-4F2E-80E9-48FE86A0C4AA}"
EndProject
Global
	GlobalSection(SolutionConfigurationPlatforms) = preSolution
		Debug|Win32 = Debug|Win32
		Release|Win32 = Release|Win32
	EndGlobalSection
	GlobalSection(ProjectConfigurationPlatforms) = postSolution
		{1F2A525E-BA0D-49E3-9415-7B0087ACD4F6}.Debug|Win32.ActiveCfg = Debug|Win32
		{1F2A525E-BA0D-49E3-9415-7B0087ACD4F6}.Debug|Win32.Build.0 = Debug|Win32
		{1F2A525E-BA0D-49E3-9415-7B0087ACD4F6}.Release|Win32.ActiveCfg = Release|Win32
		{1F2A525E-BA0D-49E3-9415-7B0087ACD4F6}.Release|Win32.Build.0 = Release|Win32
		{BDFDDC34-0AD7-45A8-BF37-D223A1BBB604}.Debug|Win32.ActiveCfg = Debug|Win32
		{BDFDDC34-0AD7-45A8-BF37-D223A1BBB604}.Debug|Win32.Build.0 = Debug|Win32
		{BDFDDC34-0AD7-45A8-BF37-D223A1BBB604}.Release|Win32.ActiveCfg = Release|Win32
		{BDFDDC34-0AD7-45A8-BF37-D223A1BBB604}.Release|Win32.Build.0 = Release|Win32
		{34482A37-1144-41AE-A914-FED8C33501E7}.Debug|Win32.ActiveCfg = Debug|Win32
		{34482A37-1144-41AE-A914-FED8C33501E7}.Debug|Win32.Build.0 = Debug|Win32
		{34482A37-1144-41AE-A914-FED8C33501E7}.Release|Win32.ActiveCfg = Release|Win32
		{34482A37-1144-41AE-A914-FED8C33501E7}.Release|Win32.Build.0 = Release|Win32
		{6CE44E92-CEC0-4F2E-80E9-48FE86A0C4AA}.Debug|Win32.ActiveCfg = Debug|Win32
		{6CE44E92-CEC0-4F2E-80E9-48FE86A0C4AA}.Debug|Win32.Build.0 = Debug|Win32
		{6CE44E92-CEC0-4F2E-80E9-48FE86A0C4AA}.Release|Win32.ActiveCfg = Release|Win32
		{6CE44E92-CEC0-4F2E-80E9-48FE86A0C4AA}.Release|Win32.Build.0 = Release|Win32
	EndGlobalSection
	GlobalSection(SolutionProperties) = preSolution
		HideSolutionNode = FALSE
	EndGlobalSection
EndGlobal
